
Microsoft Visual Studio Solution File, Format Version 12.00
# Visual Studio 2013
VisualStudioVersion = 12.0.21005.1
MinimumVisualStudioVersion = 10.0.40219.1
Project("{FAE04EC0-301F-11D3-BF4B-00C04F79EFBC}") = "DataAccessCentralization", "DataAccessCentralization\DataAccessCentralization.csproj", "{0CEF5619-C27D-4433-9A14-746B5DBD85E4}"
EndProject
Project("{FAE04EC0-301F-11D3-BF4B-00C04F79EFBC}") = "demoApiCsharp", "..\..\demoCsharp\demoApiCsharp.csproj", "{E5CEDAD1-2495-41D7-A6DB-73BA57811E11}"
EndProject
Project("{F184B08F-C81C-45F6-A57F-5ABD9991F28F}") = "demoApiVB", "..\..\demoVB\demoApiVB.vbproj", "{526703F9-D6CC-4231-86E6-C8B2CDA225B3}"
EndProject
Global
	GlobalSection(SolutionConfigurationPlatforms) = preSolution
		Debug|Any CPU = Debug|Any CPU
		Debug|Mixed Platforms = Debug|Mixed Platforms
		Debug|Win32 = Debug|Win32
		Release|Any CPU = Release|Any CPU
		Release|Mixed Platforms = Release|Mixed Platforms
		Release|Win32 = Release|Win32
	EndGlobalSection
	GlobalSection(ProjectConfigurationPlatforms) = postSolution
		{0CEF5619-C27D-4433-9A14-746B5DBD85E4}.Debug|Any CPU.ActiveCfg = Debug|Any CPU
		{0CEF5619-C27D-4433-9A14-746B5DBD85E4}.Debug|Any CPU.Build.0 = Debug|Any CPU
		{0CEF5619-C27D-4433-9A14-746B5DBD85E4}.Debug|Mixed Platforms.ActiveCfg = Debug|Any CPU
		{0CEF5619-C27D-4433-9A14-746B5DBD85E4}.Debug|Mixed Platforms.Build.0 = Debug|Any CPU
		{0CEF5619-C27D-4433-9A14-746B5DBD85E4}.Debug|Win32.ActiveCfg = Debug|Any CPU
		{0CEF5619-C27D-4433-9A14-746B5DBD85E4}.Release|Any CPU.ActiveCfg = Release|Any CPU
		{0CEF5619-C27D-4433-9A14-746B5DBD85E4}.Release|Any CPU.Build.0 = Release|Any CPU
		{0CEF5619-C27D-4433-9A14-746B5DBD85E4}.Release|Mixed Platforms.ActiveCfg = Release|Any CPU
		{0CEF5619-C27D-4433-9A14-746B5DBD85E4}.Release|Mixed Platforms.Build.0 = Release|Any CPU
		{0CEF5619-C27D-4433-9A14-746B5DBD85E4}.Release|Win32.ActiveCfg = Release|Any CPU
		{E5CEDAD1-2495-41D7-A6DB-73BA57811E11}.Debug|Any CPU.ActiveCfg = Debug|Any CPU
		{E5CEDAD1-2495-41D7-A6DB-73BA57811E11}.Debug|Any CPU.Build.0 = Debug|Any CPU
		{E5CEDAD1-2495-41D7-A6DB-73BA57811E11}.Debug|Mixed Platforms.ActiveCfg = Debug|Any CPU
		{E5CEDAD1-2495-41D7-A6DB-73BA57811E11}.Debug|Mixed Platforms.Build.0 = Debug|Any CPU
		{E5CEDAD1-2495-41D7-A6DB-73BA57811E11}.Debug|Win32.ActiveCfg = Debug|Any CPU
		{E5CEDAD1-2495-41D7-A6DB-73BA57811E11}.Release|Any CPU.ActiveCfg = Release|Any CPU
		{E5CEDAD1-2495-41D7-A6DB-73BA57811E11}.Release|Any CPU.Build.0 = Release|Any CPU
		{E5CEDAD1-2495-41D7-A6DB-73BA57811E11}.Release|Mixed Platforms.ActiveCfg = Release|Any CPU
		{E5CEDAD1-2495-41D7-A6DB-73BA57811E11}.Release|Mixed Platforms.Build.0 = Release|Any CPU
		{E5CEDAD1-2495-41D7-A6DB-73BA57811E11}.Release|Win32.ActiveCfg = Release|Any CPU
		{526703F9-D6CC-4231-86E6-C8B2CDA225B3}.Debug|Any CPU.ActiveCfg = Debug|Any CPU
		{526703F9-D6CC-4231-86E6-C8B2CDA225B3}.Debug|Any CPU.Build.0 = Debug|Any CPU
		{526703F9-D6CC-4231-86E6-C8B2CDA225B3}.Debug|Mixed Platforms.ActiveCfg = Debug|Any CPU
		{526703F9-D6CC-4231-86E6-C8B2CDA225B3}.Debug|Mixed Platforms.Build.0 = Debug|Any CPU
		{526703F9-D6CC-4231-86E6-C8B2CDA225B3}.Debug|Win32.ActiveCfg = Debug|Any CPU
		{526703F9-D6CC-4231-86E6-C8B2CDA225B3}.Release|Any CPU.ActiveCfg = Release|Any CPU
		{526703F9-D6CC-4231-86E6-C8B2CDA225B3}.Release|Any CPU.Build.0 = Release|Any CPU
		{526703F9-D6CC-4231-86E6-C8B2CDA225B3}.Release|Mixed Platforms.ActiveCfg = Release|Any CPU
		{526703F9-D6CC-4231-86E6-C8B2CDA225B3}.Release|Mixed Platforms.Build.0 = Release|Any CPU
		{526703F9-D6CC-4231-86E6-C8B2CDA225B3}.Release|Win32.ActiveCfg = Release|Any CPU
	EndGlobalSection
	GlobalSection(SolutionProperties) = preSolution
		HideSolutionNode = FALSE
	EndGlobalSection
EndGlobal
